PODS:
  - Alamofire (4.5.0)
  - SwiftyJSON (3.1.4)

DEPENDENCIES:
  - Alamofire
  - SwiftyJSON

SPEC REPOS:
  trunk:
    - Alamofire
    - SwiftyJSON

SPEC CHECKSUMS:
  Alamofire: f28cdffd29de33a7bfa022cbd63ae95a27fae140
  SwiftyJSON: c2842d878f95482ffceec5709abc3d05680c0220

PODFILE CHECKSUM: fbd2553d5d69db442e531454488942ceabad0a60

COCOAPODS: 1.9.3
