PODS:
  - Alamofire (4.5.0)
  - SwiftyJSON (3.1.4)

DEPENDENCIES:
  - Alamofire
  - SwiftyJSON

SPEC REPOS:
  https://github.com/cocoapods/specs.git:
    - Alamofire
    - SwiftyJSON

SPEC CHECKSUMS:
  Alamofire: f28cdffd29de33a7bfa022cbd63ae95a27fae140
  SwiftyJSON: c2842d878f95482ffceec5709abc3d05680c0220

PODFILE CHECKSUM: 6d3b9cc6359300e9202608ee6628f1f4a67e2088

COCOAPODS: 1.6.0
